dependencies:
- name: prometheus
  repository: https://prometheus-community.github.io/helm-charts
  version: 27.46.0
- name: grafana
  repository: https://grafana.github.io/helm-charts
  version: 10.2.0
digest: sha256:90581ebd5b3bfe3983188397466fadbb14690b902abd21914a3b8ca4e28b2d34
generated: "2025-11-22T20:31:34.80490104+01:00"
